
Microsoft Visual Studio Solution File, Format Version 12.00
# Visual Studio Version 16
VisualStudioVersion = 16.0.30413.136
MinimumVisualStudioVersion = 10.0.40219.1
Project("{FAE04EC0-301F-11D3-BF4B-00C04F79EFBC}") = "POSSystem", "POSSystem\POSSystem.csproj", "{1FF9C108-0D64-4812-BD71-D247BB0BA3C6}"
EndProject
Global
	GlobalSection(SolutionConfigurationPlatforms) = preSolution
		Debug|Any CPU = Debug|Any CPU
		Release|Any CPU = Release|Any CPU
	EndGlobalSection
	GlobalSection(ProjectConfigurationPlatforms) = postSolution
		{1FF9C108-0D64-4812-BD71-D247BB0BA3C6}.Debug|Any CPU.ActiveCfg = Debug|Any CPU
		{1FF9C108-0D64-4812-BD71-D247BB0BA3C6}.Debug|Any CPU.Build.0 = Debug|Any CPU
		{1FF9C108-0D64-4812-BD71-D247BB0BA3C6}.Release|Any CPU.ActiveCfg = Release|Any CPU
		{1FF9C108-0D64-4812-BD71-D247BB0BA3C6}.Release|Any CPU.Build.0 = Release|Any CPU
	EndGlobalSection
	GlobalSection(SolutionProperties) = preSolution
		HideSolutionNode = FALSE
	EndGlobalSection
	GlobalSection(ExtensibilityGlobals) = postSolution
		SolutionGuid = {EE59A70F-8998-44E5-95EC-0848260E6BD9}
	EndGlobalSection
EndGlobal
